Microsoft Visual Studio Solution File, Format Version 12.00
# Visual Studio Version 16
VisualStudioVersion = 16.0.29509.3
MinimumVisualStudioVersion = 15.0.26124.0
Project("{2150E333-8FDC-42A3-9474-1A3956D46DE8}") = "src", "src", "{A4145397-E4B5-48C5-B055-7520D3AEA80A}"
EndProject
Project("{9A19103F-16F7-4668-BE54-9A1E7A4F7556}") = "Benday.EasyAuthDemo.Api", "src\Benday.EasyAuthDemo.Api\Benday.EasyAuthDemo.Api.csproj", "{BE83CD12-75D5-4BFA-9D07-315AF9333914}"
EndProject
Project("{9A19103F-16F7-4668-BE54-9A1E7A4F7556}") = "Benday.EasyAuthDemo.WebUi", "src\Benday.EasyAuthDemo.WebUi\Benday.EasyAuthDemo.WebUi.csproj", "{8F44586B-5E55-40D3-813E-EA8AD347C9A9}"
EndProject
Project("{2150E333-8FDC-42A3-9474-1A3956D46DE8}") = "test", "test", "{96DEB5F0-3327-4B4B-B0BE-BFBD26D3F380}"
EndProject
Project("{9A19103F-16F7-4668-BE54-9A1E7A4F7556}") = "Benday.EasyAuthDemo.UnitTests", "test\Benday.EasyAuthDemo.UnitTests\Benday.EasyAuthDemo.UnitTests.csproj", "{ED1E3469-AE84-4FF6-BC05-A4F802E08347}"
EndProject
Project("{9A19103F-16F7-4668-BE54-9A1E7A4F7556}") = "Benday.EasyAuthDemo.IntegrationTests", "test\Benday.EasyAuthDemo.IntegrationTests\Benday.EasyAuthDemo.IntegrationTests.csproj", "{A9FC367D-7F49-4BCF-9D1C-79E623430DF3}"
EndProject
Global
	GlobalSection(SolutionConfigurationPlatforms) = preSolution
		Debug|Any CPU = Debug|Any CPU
		Debug|x64 = Debug|x64
		Debug|x86 = Debug|x86
		Release|Any CPU = Release|Any CPU
		Release|x64 = Release|x64
		Release|x86 = Release|x86
	EndGlobalSection
	GlobalSection(ProjectConfigurationPlatforms) = postSolution
		{BE83CD12-75D5-4BFA-9D07-315AF9333914}.Debug|Any CPU.ActiveCfg = Debug|Any CPU
		{BE83CD12-75D5-4BFA-9D07-315AF9333914}.Debug|Any CPU.Build.0 = Debug|Any CPU
		{BE83CD12-75D5-4BFA-9D07-315AF9333914}.Debug|x64.ActiveCfg = Debug|Any CPU
		{BE83CD12-75D5-4BFA-9D07-315AF9333914}.Debug|x64.Build.0 = Debug|Any CPU
		{BE83CD12-75D5-4BFA-9D07-315AF9333914}.Debug|x86.ActiveCfg = Debug|Any CPU
		{BE83CD12-75D5-4BFA-9D07-315AF9333914}.Debug|x86.Build.0 = Debug|Any CPU
		{BE83CD12-75D5-4BFA-9D07-315AF9333914}.Release|Any CPU.ActiveCfg = Release|Any CPU
		{BE83CD12-75D5-4BFA-9D07-315AF9333914}.Release|Any CPU.Build.0 = Release|Any CPU
		{BE83CD12-75D5-4BFA-9D07-315AF9333914}.Release|x64.ActiveCfg = Release|Any CPU
		{BE83CD12-75D5-4BFA-9D07-315AF9333914}.Release|x64.Build.0 = Release|Any CPU
		{BE83CD12-75D5-4BFA-9D07-315AF9333914}.Release|x86.ActiveCfg = Release|Any CPU
		{BE83CD12-75D5-4BFA-9D07-315AF9333914}.Release|x86.Build.0 = Release|Any CPU
		{8F44586B-5E55-40D3-813E-EA8AD347C9A9}.Debug|Any CPU.ActiveCfg = Debug|Any CPU
		{8F44586B-5E55-40D3-813E-EA8AD347C9A9}.Debug|Any CPU.Build.0 = Debug|Any CPU
		{8F44586B-5E55-40D3-813E-EA8AD347C9A9}.Debug|x64.ActiveCfg = Debug|Any CPU
		{8F44586B-5E55-40D3-813E-EA8AD347C9A9}.Debug|x64.Build.0 = Debug|Any CPU
		{8F44586B-5E55-40D3-813E-EA8AD347C9A9}.Debug|x86.ActiveCfg = Debug|Any CPU
		{8F44586B-5E55-40D3-813E-EA8AD347C9A9}.Debug|x86.Build.0 = Debug|Any CPU
		{8F44586B-5E55-40D3-813E-EA8AD347C9A9}.Release|Any CPU.ActiveCfg = Release|Any CPU
		{8F44586B-5E55-40D3-813E-EA8AD347C9A9}.Release|Any CPU.Build.0 = Release|Any CPU
		{8F44586B-5E55-40D3-813E-EA8AD347C9A9}.Release|x64.ActiveCfg = Release|Any CPU
		{8F44586B-5E55-40D3-813E-EA8AD347C9A9}.Release|x64.Build.0 = Release|Any CPU
		{8F44586B-5E55-40D3-813E-EA8AD347C9A9}.Release|x86.ActiveCfg = Release|Any CPU
		{8F44586B-5E55-40D3-813E-EA8AD347C9A9}.Release|x86.Build.0 = Release|Any CPU
		{ED1E3469-AE84-4FF6-BC05-A4F802E08347}.Debug|Any CPU.ActiveCfg = Debug|Any CPU
		{ED1E3469-AE84-4FF6-BC05-A4F802E08347}.Debug|Any CPU.Build.0 = Debug|Any CPU
		{ED1E3469-AE84-4FF6-BC05-A4F802E08347}.Debug|x64.ActiveCfg = Debug|Any CPU
		{ED1E3469-AE84-4FF6-BC05-A4F802E08347}.Debug|x64.Build.0 = Debug|Any CPU
		{ED1E3469-AE84-4FF6-BC05-A4F802E08347}.Debug|x86.ActiveCfg = Debug|Any CPU
		{ED1E3469-AE84-4FF6-BC05-A4F802E08347}.Debug|x86.Build.0 = Debug|Any CPU
		{ED1E3469-AE84-4FF6-BC05-A4F802E08347}.Release|Any CPU.ActiveCfg = Release|Any CPU
		{ED1E3469-AE84-4FF6-BC05-A4F802E08347}.Release|Any CPU.Build.0 = Release|Any CPU
		{ED1E3469-AE84-4FF6-BC05-A4F802E08347}.Release|x64.ActiveCfg = Release|Any CPU
		{ED1E3469-AE84-4FF6-BC05-A4F802E08347}.Release|x64.Build.0 = Release|Any CPU
		{ED1E3469-AE84-4FF6-BC05-A4F802E08347}.Release|x86.ActiveCfg = Release|Any CPU
		{ED1E3469-AE84-4FF6-BC05-A4F802E08347}.Release|x86.Build.0 = Release|Any CPU
		{A9FC367D-7F49-4BCF-9D1C-79E623430DF3}.Debug|Any CPU.ActiveCfg = Debug|Any CPU
		{A9FC367D-7F49-4BCF-9D1C-79E623430DF3}.Debug|Any CPU.Build.0 = Debug|Any CPU
		{A9FC367D-7F49-4BCF-9D1C-79E623430DF3}.Debug|x64.ActiveCfg = Debug|Any CPU
		{A9FC367D-7F49-4BCF-9D1C-79E623430DF3}.Debug|x64.Build.0 = Debug|Any CPU
		{A9FC367D-7F49-4BCF-9D1C-79E623430DF3}.Debug|x86.ActiveCfg = Debug|Any CPU
		{A9FC367D-7F49-4BCF-9D1C-79E623430DF3}.Debug|x86.Build.0 = Debug|Any CPU
		{A9FC367D-7F49-4BCF-9D1C-79E623430DF3}.Release|Any CPU.ActiveCfg = Release|Any CPU
		{A9FC367D-7F49-4BCF-9D1C-79E623430DF3}.Release|Any CPU.Build.0 = Release|Any CPU
		{A9FC367D-7F49-4BCF-9D1C-79E623430DF3}.Release|x64.ActiveCfg = Release|Any CPU
		{A9FC367D-7F49-4BCF-9D1C-79E623430DF3}.Release|x64.Build.0 = Release|Any CPU
		{A9FC367D-7F49-4BCF-9D1C-79E623430DF3}.Release|x86.ActiveCfg = Release|Any CPU
		{A9FC367D-7F49-4BCF-9D1C-79E623430DF3}.Release|x86.Build.0 = Release|Any CPU
	EndGlobalSection
	GlobalSection(SolutionProperties) = preSolution
		HideSolutionNode = FALSE
	EndGlobalSection
	GlobalSection(NestedProjects) = preSolution
		{BE83CD12-75D5-4BFA-9D07-315AF9333914} = {A4145397-E4B5-48C5-B055-7520D3AEA80A}
		{8F44586B-5E55-40D3-813E-EA8AD347C9A9} = {A4145397-E4B5-48C5-B055-7520D3AEA80A}
		{ED1E3469-AE84-4FF6-BC05-A4F802E08347} = {96DEB5F0-3327-4B4B-B0BE-BFBD26D3F380}
		{A9FC367D-7F49-4BCF-9D1C-79E623430DF3} = {96DEB5F0-3327-4B4B-B0BE-BFBD26D3F380}
	EndGlobalSection
	GlobalSection(ExtensibilityGlobals) = postSolution
		SolutionGuid = {4430CC12-3660-4BA6-B6B3-6AA2D506FF64}
	EndGlobalSection
EndGlobal
